
Microsoft Visual Studio Solution File, Format Version 12.00
# Visual Studio 15
VisualStudioVersion = 15.0.28010.2036
MinimumVisualStudioVersion = 10.0.40219.1
Project("{FAE04EC0-301F-11D3-BF4B-00C04F79EFBC}") = "ConsoleApp1", "ConsoleApp1\ConsoleApp1.csproj", "{E54E4FDF-AF1B-4368-B3EC-4986135BF98F}"
EndProject
Global
	GlobalSection(SolutionConfigurationPlatforms) = preSolution
		Debug|Any CPU = Debug|Any CPU
		Release|Any CPU = Release|Any CPU
	EndGlobalSection
	GlobalSection(ProjectConfigurationPlatforms) = postSolution
		{E54E4FDF-AF1B-4368-B3EC-4986135BF98F}.Debug|Any CPU.ActiveCfg = Debug|Any CPU
		{E54E4FDF-AF1B-4368-B3EC-4986135BF98F}.Debug|Any CPU.Build.0 = Debug|Any CPU
		{E54E4FDF-AF1B-4368-B3EC-4986135BF98F}.Release|Any CPU.ActiveCfg = Release|Any CPU
		{E54E4FDF-AF1B-4368-B3EC-4986135BF98F}.Release|Any CPU.Build.0 = Release|Any CPU
	EndGlobalSection
	GlobalSection(SolutionProperties) = preSolution
		HideSolutionNode = FALSE
	EndGlobalSection
	GlobalSection(ExtensibilityGlobals) = postSolution
		SolutionGuid = {7AE86EFB-19EE-40D2-B47A-E04691172550}
	EndGlobalSection
EndGlobal
